
Microsoft Visual Studio Solution File, Format Version 12.00
# Visual Studio Version 17
VisualStudioVersion = 17.8.34511.84
MinimumVisualStudioVersion = 10.0.40219.1
Project("{FAE04EC0-301F-11D3-BF4B-00C04F79EFBC}") = "ConsoleAppHW1Core", "ConsoleAppHW1Core.csproj", "{0FB5F8D7-A23F-4099-BDF2-8ED6B79BA86D}"
EndProject
Global
	GlobalSection(SolutionConfigurationPlatforms) = preSolution
		Debug|Any CPU = Debug|Any CPU
		Release|Any CPU = Release|Any CPU
	EndGlobalSection
	GlobalSection(ProjectConfigurationPlatforms) = postSolution
		{0FB5F8D7-A23F-4099-BDF2-8ED6B79BA86D}.Debug|Any CPU.ActiveCfg = Debug|Any CPU
		{0FB5F8D7-A23F-4099-BDF2-8ED6B79BA86D}.Debug|Any CPU.Build.0 = Debug|Any CPU
		{0FB5F8D7-A23F-4099-BDF2-8ED6B79BA86D}.Release|Any CPU.ActiveCfg = Release|Any CPU
		{0FB5F8D7-A23F-4099-BDF2-8ED6B79BA86D}.Release|Any CPU.Build.0 = Release|Any CPU
	EndGlobalSection
	GlobalSection(SolutionProperties) = preSolution
		HideSolutionNode = FALSE
	EndGlobalSection
	GlobalSection(ExtensibilityGlobals) = postSolution
		SolutionGuid = {E18F7954-21BA-46F3-8704-530262045230}
	EndGlobalSection
EndGlobal
